
Microsoft Visual Studio Solution File, Format Version 12.00
# Visual Studio 15
VisualStudioVersion = 15.0.27004.2008
MinimumVisualStudioVersion = 10.0.40219.1
Project("{FAE04EC0-301F-11D3-BF4B-00C04F79EFBC}") = "etohum.signup", "etohum.signup\etohum.signup.csproj", "{0C89A89D-031E-4214-9A62-96EFE8C6807C}"
EndProject
Global
	GlobalSection(SolutionConfigurationPlatforms) = preSolution
		Debug|Any CPU = Debug|Any CPU
		Release|Any CPU = Release|Any CPU
	EndGlobalSection
	GlobalSection(ProjectConfigurationPlatforms) = postSolution
		{0C89A89D-031E-4214-9A62-96EFE8C6807C}.Debug|Any CPU.ActiveCfg = Debug|Any CPU
		{0C89A89D-031E-4214-9A62-96EFE8C6807C}.Debug|Any CPU.Build.0 = Debug|Any CPU
		{0C89A89D-031E-4214-9A62-96EFE8C6807C}.Release|Any CPU.ActiveCfg = Release|Any CPU
		{0C89A89D-031E-4214-9A62-96EFE8C6807C}.Release|Any CPU.Build.0 = Release|Any CPU
	EndGlobalSection
	GlobalSection(SolutionProperties) = preSolution
		HideSolutionNode = FALSE
	EndGlobalSection
	GlobalSection(ExtensibilityGlobals) = postSolution
		SolutionGuid = {EC50F3AE-29FE-48BE-8208-26ED5A386883}
	EndGlobalSection
EndGlobal
